
Microsoft Visual Studio Solution File, Format Version 12.00
# Visual Studio Version 18
VisualStudioVersion = 18.4.11702.344
MinimumVisualStudioVersion = 10.0.40219.1
Project("{FAE04EC0-301F-11D3-BF4B-00C04F79EFBC}") = "AuthenticationService", "AuthenticationService\AuthenticationService.csproj", "{F8513A9A-6468-49F6-9472-DEFBF4B69383}"
EndProject
Project("{FAE04EC0-301F-11D3-BF4B-00C04F79EFBC}") = "AuthenticationService.Shared", "AuthenticationService.Shared\AuthenticationService.Shared.csproj", "{82BA9A9C-EA9B-4E84-8182-8B9159B088BF}"
EndProject
Project("{FAE04EC0-301F-11D3-BF4B-00C04F79EFBC}") = "AuthenticationService.TokenValidationLib", "AuthenticationService.TokenValidationLib\AuthenticationService.TokenValidationLib.csproj", "{C5D7E9A1-3F4B-48C2-9E61-B7A8D2F4C0E1}"
EndProject
Project("{FAE04EC0-301F-11D3-BF4B-00C04F79EFBC}") = "AuthenticationService.TokenClientLib", "AuthenticationService.TokenClientLib\AuthenticationService.TokenClientLib.csproj", "{A9E4F7B2-1C8D-4D5A-9F36-7E2B8C5A1D4F}"
EndProject
Project("{FAE04EC0-301F-11D3-BF4B-00C04F79EFBC}") = "ExampleConsumer", "ExampleConsumer\ExampleConsumer.csproj", "{D8F2A1B6-5C4E-4A93-8B71-2E9F3C5D6A12}"
EndProject
Project("{2150E333-8FDC-42A3-9474-1A3956D46DE8}") = "Solution Items", "Solution Items", "{29CEDAA5-F141-45E3-9F6C-F566D556BA59}"
	ProjectSection(SolutionItems) = preProject
		.dockerignore = .dockerignore
		.editorconfig = .editorconfig
		.gitattributes = .gitattributes
		.gitignore = .gitignore
		LICENSE.txt = LICENSE.txt
		README.md = README.md
		TODO.md = TODO.md
	EndProjectSection
EndProject
Project("{2150E333-8FDC-42A3-9474-1A3956D46DE8}") = "docs", "docs", "{D0C50001-A8A8-4A1A-B0C0-DC50000DC501}"
	ProjectSection(SolutionItems) = preProject
		docs\admin-endpoints-plan.md = docs\admin-endpoints-plan.md
		docs\architecture.md = docs\architecture.md
		docs\getting-started.md = docs\getting-started.md
		docs\index.md = docs\index.md
		docs\service-to-service-auth-plan.md = docs\service-to-service-auth-plan.md
		docs\service-token-client-plan.md = docs\service-token-client-plan.md
	EndProjectSection
EndProject
Project("{2150E333-8FDC-42A3-9474-1A3956D46DE8}") = "api", "api", "{D0C50002-A8A8-4A1A-B0C0-DC50000DC502}"
	ProjectSection(SolutionItems) = preProject
		docs\api\openapi.json = docs\api\openapi.json
	EndProjectSection
EndProject
Project("{2150E333-8FDC-42A3-9474-1A3956D46DE8}") = "concepts", "concepts", "{D0C50003-A8A8-4A1A-B0C0-DC50000DC503}"
	ProjectSection(SolutionItems) = preProject
		docs\concepts\refresh-rotation.md = docs\concepts\refresh-rotation.md
		docs\concepts\security-model.md = docs\concepts\security-model.md
		docs\concepts\service-to-service.md = docs\concepts\service-to-service.md
		docs\concepts\user-auth-flows.md = docs\concepts\user-auth-flows.md
	EndProjectSection
EndProject
Project("{2150E333-8FDC-42A3-9474-1A3956D46DE8}") = "consumers", "consumers", "{D0C50004-A8A8-4A1A-B0C0-DC50000DC504}"
	ProjectSection(SolutionItems) = preProject
		docs\consumers\claim-shapes.md = docs\consumers\claim-shapes.md
		docs\consumers\outgoing-service-tokens.md = docs\consumers\outgoing-service-tokens.md
		docs\consumers\validating-incoming-tokens.md = docs\consumers\validating-incoming-tokens.md
	EndProjectSection
EndProject
Project("{2150E333-8FDC-42A3-9474-1A3956D46DE8}") = "development", "development", "{D0C50005-A8A8-4A1A-B0C0-DC50000DC505}"
	ProjectSection(SolutionItems) = preProject
		docs\development\adding-an-endpoint.md = docs\development\adding-an-endpoint.md
		docs\development\conventions.md = docs\development\conventions.md
		docs\development\migrations.md = docs\development\migrations.md
		docs\development\testing.md = docs\development\testing.md
	EndProjectSection
EndProject
Project("{2150E333-8FDC-42A3-9474-1A3956D46DE8}") = "operations", "operations", "{D0C50006-A8A8-4A1A-B0C0-DC50000DC506}"
	ProjectSection(SolutionItems) = preProject
		docs\operations\admin-recovery.md = docs\operations\admin-recovery.md
		docs\operations\deployment.md = docs\operations\deployment.md
		docs\operations\key-rotation.md = docs\operations\key-rotation.md
		docs\operations\local-backstage.md = docs\operations\local-backstage.md
		docs\operations\observability.md = docs\operations\observability.md
		docs\operations\runbook.md = docs\operations\runbook.md
		docs\operations\signing-key-backup-and-restore.md = docs\operations\signing-key-backup-and-restore.md
	EndProjectSection
EndProject
Project("{2150E333-8FDC-42A3-9474-1A3956D46DE8}") = "reference", "reference", "{D0C50007-A8A8-4A1A-B0C0-DC50000DC507}"
	ProjectSection(SolutionItems) = preProject
		docs\reference\configuration.md = docs\reference\configuration.md
		docs\reference\constants.md = docs\reference\constants.md
		docs\reference\endpoints.md = docs\reference\endpoints.md
	EndProjectSection
EndProject
Project("{2150E333-8FDC-42A3-9474-1A3956D46DE8}") = "Tests", "Tests", "{0AB3BF05-4346-4AA6-1389-037BE0695223}"
EndProject
Project("{FAE04EC0-301F-11D3-BF4B-00C04F79EFBC}") = "AuthenticationService.TokenValidationLib.Tests", "Tests\AuthenticationService.TokenValidationLib.Tests\AuthenticationService.TokenValidationLib.Tests.csproj", "{B15E9781-1D72-4183-BF3B-F11DDFC58439}"
EndProject
Project("{FAE04EC0-301F-11D3-BF4B-00C04F79EFBC}") = "AuthenticationService.TokenClientLib.Tests", "Tests\AuthenticationService.TokenClientLib.Tests\AuthenticationService.TokenClientLib.Tests.csproj", "{F7D2A9C4-3B5E-4D8A-9C61-2F8B7E4A1D62}"
EndProject
Project("{FAE04EC0-301F-11D3-BF4B-00C04F79EFBC}") = "AuthenticationService.Shared.Tests", "Tests\AuthenticationService.Shared.Tests\AuthenticationService.Shared.Tests.csproj", "{E8F9ECD2-9BE9-4169-B5E9-BCFFA064E8B9}"
EndProject
Project("{FAE04EC0-301F-11D3-BF4B-00C04F79EFBC}") = "AuthenticationService.Tests", "Tests\AuthenticationService.Tests\AuthenticationService.Tests.csproj", "{55EF81F0-3CE2-4598-B184-046D38BCE31E}"
EndProject
Project("{FAE04EC0-301F-11D3-BF4B-00C04F79EFBC}") = "AuthenticationService.AppHost", "AuthenticationService.AppHost\AuthenticationService.AppHost.csproj", "{FC4AE3F7-C0DD-4094-BF2E-76FF2CB45F57}"
EndProject
Project("{FAE04EC0-301F-11D3-BF4B-00C04F79EFBC}") = "AuthenticationService.ServiceDefaults", "AuthenticationService.ServiceDefaults\AuthenticationService.ServiceDefaults.csproj", "{54EDF04D-75EE-41CA-A687-F7D6719AFAE3}"
EndProject
Project("{FAE04EC0-301F-11D3-BF4B-00C04F79EFBC}") = "AuthenticationService.IntegrationTests", "AuthenticationService.IntegrationTests\AuthenticationService.IntegrationTests.csproj", "{916394CA-8090-4109-AD59-9ABF2148C91A}"
EndProject
Project("{FAE04EC0-301F-11D3-BF4B-00C04F79EFBC}") = "AuthenticationService.Migrations.SqlServer", "AuthenticationService.Migrations.SqlServer\AuthenticationService.Migrations.SqlServer.csproj", "{0FA56D26-8415-44A2-B94C-BC4DC8FE8598}"
EndProject
Project("{FAE04EC0-301F-11D3-BF4B-00C04F79EFBC}") = "AuthenticationService.Migrations.Postgres", "AuthenticationService.Migrations.Postgres\AuthenticationService.Migrations.Postgres.csproj", "{4F6CEA17-A42D-412A-8D99-04BCFB837205}"
EndProject
Project("{FAE04EC0-301F-11D3-BF4B-00C04F79EFBC}") = "AuthenticationService.Migrations.MySql", "AuthenticationService.Migrations.MySql\AuthenticationService.Migrations.MySql.csproj", "{42C46F93-BD98-4E48-8D7C-D9F887F06253}"
EndProject
Global
	GlobalSection(SolutionConfigurationPlatforms) = preSolution
		Debug|Any CPU = Debug|Any CPU
		Debug|x64 = Debug|x64
		Debug|x86 = Debug|x86
		Release|Any CPU = Release|Any CPU
		Release|x64 = Release|x64
		Release|x86 = Release|x86
	EndGlobalSection
	GlobalSection(ProjectConfigurationPlatforms) = postSolution
		{F8513A9A-6468-49F6-9472-DEFBF4B69383}.Debug|Any CPU.ActiveCfg = Debug|Any CPU
		{F8513A9A-6468-49F6-9472-DEFBF4B69383}.Debug|Any CPU.Build.0 = Debug|Any CPU
		{F8513A9A-6468-49F6-9472-DEFBF4B69383}.Debug|x64.ActiveCfg = Debug|Any CPU
		{F8513A9A-6468-49F6-9472-DEFBF4B69383}.Debug|x64.Build.0 = Debug|Any CPU
		{F8513A9A-6468-49F6-9472-DEFBF4B69383}.Debug|x86.ActiveCfg = Debug|Any CPU
		{F8513A9A-6468-49F6-9472-DEFBF4B69383}.Debug|x86.Build.0 = Debug|Any CPU
		{F8513A9A-6468-49F6-9472-DEFBF4B69383}.Release|Any CPU.ActiveCfg = Release|Any CPU
		{F8513A9A-6468-49F6-9472-DEFBF4B69383}.Release|Any CPU.Build.0 = Release|Any CPU
		{F8513A9A-6468-49F6-9472-DEFBF4B69383}.Release|x64.ActiveCfg = Release|Any CPU
		{F8513A9A-6468-49F6-9472-DEFBF4B69383}.Release|x64.Build.0 = Release|Any CPU
		{F8513A9A-6468-49F6-9472-DEFBF4B69383}.Release|x86.ActiveCfg = Release|Any CPU
		{F8513A9A-6468-49F6-9472-DEFBF4B69383}.Release|x86.Build.0 = Release|Any CPU
		{82BA9A9C-EA9B-4E84-8182-8B9159B088BF}.Debug|Any CPU.ActiveCfg = Debug|Any CPU
		{82BA9A9C-EA9B-4E84-8182-8B9159B088BF}.Debug|Any CPU.Build.0 = Debug|Any CPU
		{82BA9A9C-EA9B-4E84-8182-8B9159B088BF}.Debug|x64.ActiveCfg = Debug|Any CPU
		{82BA9A9C-EA9B-4E84-8182-8B9159B088BF}.Debug|x64.Build.0 = Debug|Any CPU
		{82BA9A9C-EA9B-4E84-8182-8B9159B088BF}.Debug|x86.ActiveCfg = Debug|Any CPU
		{82BA9A9C-EA9B-4E84-8182-8B9159B088BF}.Debug|x86.Build.0 = Debug|Any CPU
		{82BA9A9C-EA9B-4E84-8182-8B9159B088BF}.Release|Any CPU.ActiveCfg = Release|Any CPU
		{82BA9A9C-EA9B-4E84-8182-8B9159B088BF}.Release|Any CPU.Build.0 = Release|Any CPU
		{82BA9A9C-EA9B-4E84-8182-8B9159B088BF}.Release|x64.ActiveCfg = Release|Any CPU
		{82BA9A9C-EA9B-4E84-8182-8B9159B088BF}.Release|x64.Build.0 = Release|Any CPU
		{82BA9A9C-EA9B-4E84-8182-8B9159B088BF}.Release|x86.ActiveCfg = Release|Any CPU
		{82BA9A9C-EA9B-4E84-8182-8B9159B088BF}.Release|x86.Build.0 = Release|Any CPU
		{C5D7E9A1-3F4B-48C2-9E61-B7A8D2F4C0E1}.Debug|Any CPU.ActiveCfg = Debug|Any CPU
		{C5D7E9A1-3F4B-48C2-9E61-B7A8D2F4C0E1}.Debug|Any CPU.Build.0 = Debug|Any CPU
		{C5D7E9A1-3F4B-48C2-9E61-B7A8D2F4C0E1}.Debug|x64.ActiveCfg = Debug|Any CPU
		{C5D7E9A1-3F4B-48C2-9E61-B7A8D2F4C0E1}.Debug|x64.Build.0 = Debug|Any CPU
		{C5D7E9A1-3F4B-48C2-9E61-B7A8D2F4C0E1}.Debug|x86.ActiveCfg = Debug|Any CPU
		{C5D7E9A1-3F4B-48C2-9E61-B7A8D2F4C0E1}.Debug|x86.Build.0 = Debug|Any CPU
		{C5D7E9A1-3F4B-48C2-9E61-B7A8D2F4C0E1}.Release|Any CPU.ActiveCfg = Release|Any CPU
		{C5D7E9A1-3F4B-48C2-9E61-B7A8D2F4C0E1}.Release|Any CPU.Build.0 = Release|Any CPU
		{C5D7E9A1-3F4B-48C2-9E61-B7A8D2F4C0E1}.Release|x64.ActiveCfg = Release|Any CPU
		{C5D7E9A1-3F4B-48C2-9E61-B7A8D2F4C0E1}.Release|x64.Build.0 = Release|Any CPU
		{C5D7E9A1-3F4B-48C2-9E61-B7A8D2F4C0E1}.Release|x86.ActiveCfg = Release|Any CPU
		{C5D7E9A1-3F4B-48C2-9E61-B7A8D2F4C0E1}.Release|x86.Build.0 = Release|Any CPU
		{A9E4F7B2-1C8D-4D5A-9F36-7E2B8C5A1D4F}.Debug|Any CPU.ActiveCfg = Debug|Any CPU
		{A9E4F7B2-1C8D-4D5A-9F36-7E2B8C5A1D4F}.Debug|Any CPU.Build.0 = Debug|Any CPU
		{A9E4F7B2-1C8D-4D5A-9F36-7E2B8C5A1D4F}.Debug|x64.ActiveCfg = Debug|Any CPU
		{A9E4F7B2-1C8D-4D5A-9F36-7E2B8C5A1D4F}.Debug|x64.Build.0 = Debug|Any CPU
		{A9E4F7B2-1C8D-4D5A-9F36-7E2B8C5A1D4F}.Debug|x86.ActiveCfg = Debug|Any CPU
		{A9E4F7B2-1C8D-4D5A-9F36-7E2B8C5A1D4F}.Debug|x86.Build.0 = Debug|Any CPU
		{A9E4F7B2-1C8D-4D5A-9F36-7E2B8C5A1D4F}.Release|Any CPU.ActiveCfg = Release|Any CPU
		{A9E4F7B2-1C8D-4D5A-9F36-7E2B8C5A1D4F}.Release|Any CPU.Build.0 = Release|Any CPU
		{A9E4F7B2-1C8D-4D5A-9F36-7E2B8C5A1D4F}.Release|x64.ActiveCfg = Release|Any CPU
		{A9E4F7B2-1C8D-4D5A-9F36-7E2B8C5A1D4F}.Release|x64.Build.0 = Release|Any CPU
		{A9E4F7B2-1C8D-4D5A-9F36-7E2B8C5A1D4F}.Release|x86.ActiveCfg = Release|Any CPU
		{A9E4F7B2-1C8D-4D5A-9F36-7E2B8C5A1D4F}.Release|x86.Build.0 = Release|Any CPU
		{D8F2A1B6-5C4E-4A93-8B71-2E9F3C5D6A12}.Debug|Any CPU.ActiveCfg = Debug|Any CPU
		{D8F2A1B6-5C4E-4A93-8B71-2E9F3C5D6A12}.Debug|Any CPU.Build.0 = Debug|Any CPU
		{D8F2A1B6-5C4E-4A93-8B71-2E9F3C5D6A12}.Debug|x64.ActiveCfg = Debug|Any CPU
		{D8F2A1B6-5C4E-4A93-8B71-2E9F3C5D6A12}.Debug|x64.Build.0 = Debug|Any CPU
		{D8F2A1B6-5C4E-4A93-8B71-2E9F3C5D6A12}.Debug|x86.ActiveCfg = Debug|Any CPU
		{D8F2A1B6-5C4E-4A93-8B71-2E9F3C5D6A12}.Debug|x86.Build.0 = Debug|Any CPU
		{D8F2A1B6-5C4E-4A93-8B71-2E9F3C5D6A12}.Release|Any CPU.ActiveCfg = Release|Any CPU
		{D8F2A1B6-5C4E-4A93-8B71-2E9F3C5D6A12}.Release|Any CPU.Build.0 = Release|Any CPU
		{D8F2A1B6-5C4E-4A93-8B71-2E9F3C5D6A12}.Release|x64.ActiveCfg = Release|Any CPU
		{D8F2A1B6-5C4E-4A93-8B71-2E9F3C5D6A12}.Release|x64.Build.0 = Release|Any CPU
		{D8F2A1B6-5C4E-4A93-8B71-2E9F3C5D6A12}.Release|x86.ActiveCfg = Release|Any CPU
		{D8F2A1B6-5C4E-4A93-8B71-2E9F3C5D6A12}.Release|x86.Build.0 = Release|Any CPU
		{B15E9781-1D72-4183-BF3B-F11DDFC58439}.Debug|Any CPU.ActiveCfg = Debug|Any CPU
		{B15E9781-1D72-4183-BF3B-F11DDFC58439}.Debug|Any CPU.Build.0 = Debug|Any CPU
		{B15E9781-1D72-4183-BF3B-F11DDFC58439}.Debug|x64.ActiveCfg = Debug|Any CPU
		{B15E9781-1D72-4183-BF3B-F11DDFC58439}.Debug|x64.Build.0 = Debug|Any CPU
		{B15E9781-1D72-4183-BF3B-F11DDFC58439}.Debug|x86.ActiveCfg = Debug|Any CPU
		{B15E9781-1D72-4183-BF3B-F11DDFC58439}.Debug|x86.Build.0 = Debug|Any CPU
		{B15E9781-1D72-4183-BF3B-F11DDFC58439}.Release|Any CPU.ActiveCfg = Release|Any CPU
		{B15E9781-1D72-4183-BF3B-F11DDFC58439}.Release|Any CPU.Build.0 = Release|Any CPU
		{B15E9781-1D72-4183-BF3B-F11DDFC58439}.Release|x64.ActiveCfg = Release|Any CPU
		{B15E9781-1D72-4183-BF3B-F11DDFC58439}.Release|x64.Build.0 = Release|Any CPU
		{B15E9781-1D72-4183-BF3B-F11DDFC58439}.Release|x86.ActiveCfg = Release|Any CPU
		{B15E9781-1D72-4183-BF3B-F11DDFC58439}.Release|x86.Build.0 = Release|Any CPU
		{F7D2A9C4-3B5E-4D8A-9C61-2F8B7E4A1D62}.Debug|Any CPU.ActiveCfg = Debug|Any CPU
		{F7D2A9C4-3B5E-4D8A-9C61-2F8B7E4A1D62}.Debug|Any CPU.Build.0 = Debug|Any CPU
		{F7D2A9C4-3B5E-4D8A-9C61-2F8B7E4A1D62}.Debug|x64.ActiveCfg = Debug|Any CPU
		{F7D2A9C4-3B5E-4D8A-9C61-2F8B7E4A1D62}.Debug|x64.Build.0 = Debug|Any CPU
		{F7D2A9C4-3B5E-4D8A-9C61-2F8B7E4A1D62}.Debug|x86.ActiveCfg = Debug|Any CPU
		{F7D2A9C4-3B5E-4D8A-9C61-2F8B7E4A1D62}.Debug|x86.Build.0 = Debug|Any CPU
		{F7D2A9C4-3B5E-4D8A-9C61-2F8B7E4A1D62}.Release|Any CPU.ActiveCfg = Release|Any CPU
		{F7D2A9C4-3B5E-4D8A-9C61-2F8B7E4A1D62}.Release|Any CPU.Build.0 = Release|Any CPU
		{F7D2A9C4-3B5E-4D8A-9C61-2F8B7E4A1D62}.Release|x64.ActiveCfg = Release|Any CPU
		{F7D2A9C4-3B5E-4D8A-9C61-2F8B7E4A1D62}.Release|x64.Build.0 = Release|Any CPU
		{F7D2A9C4-3B5E-4D8A-9C61-2F8B7E4A1D62}.Release|x86.ActiveCfg = Release|Any CPU
		{F7D2A9C4-3B5E-4D8A-9C61-2F8B7E4A1D62}.Release|x86.Build.0 = Release|Any CPU
		{E8F9ECD2-9BE9-4169-B5E9-BCFFA064E8B9}.Debug|Any CPU.ActiveCfg = Debug|Any CPU
		{E8F9ECD2-9BE9-4169-B5E9-BCFFA064E8B9}.Debug|Any CPU.Build.0 = Debug|Any CPU
		{E8F9ECD2-9BE9-4169-B5E9-BCFFA064E8B9}.Debug|x64.ActiveCfg = Debug|Any CPU
		{E8F9ECD2-9BE9-4169-B5E9-BCFFA064E8B9}.Debug|x64.Build.0 = Debug|Any CPU
		{E8F9ECD2-9BE9-4169-B5E9-BCFFA064E8B9}.Debug|x86.ActiveCfg = Debug|Any CPU
		{E8F9ECD2-9BE9-4169-B5E9-BCFFA064E8B9}.Debug|x86.Build.0 = Debug|Any CPU
		{E8F9ECD2-9BE9-4169-B5E9-BCFFA064E8B9}.Release|Any CPU.ActiveCfg = Release|Any CPU
		{E8F9ECD2-9BE9-4169-B5E9-BCFFA064E8B9}.Release|Any CPU.Build.0 = Release|Any CPU
		{E8F9ECD2-9BE9-4169-B5E9-BCFFA064E8B9}.Release|x64.ActiveCfg = Release|Any CPU
		{E8F9ECD2-9BE9-4169-B5E9-BCFFA064E8B9}.Release|x64.Build.0 = Release|Any CPU
		{E8F9ECD2-9BE9-4169-B5E9-BCFFA064E8B9}.Release|x86.ActiveCfg = Release|Any CPU
		{E8F9ECD2-9BE9-4169-B5E9-BCFFA064E8B9}.Release|x86.Build.0 = Release|Any CPU
		{55EF81F0-3CE2-4598-B184-046D38BCE31E}.Debug|Any CPU.ActiveCfg = Debug|Any CPU
		{55EF81F0-3CE2-4598-B184-046D38BCE31E}.Debug|Any CPU.Build.0 = Debug|Any CPU
		{55EF81F0-3CE2-4598-B184-046D38BCE31E}.Debug|x64.ActiveCfg = Debug|Any CPU
		{55EF81F0-3CE2-4598-B184-046D38BCE31E}.Debug|x64.Build.0 = Debug|Any CPU
		{55EF81F0-3CE2-4598-B184-046D38BCE31E}.Debug|x86.ActiveCfg = Debug|Any CPU
		{55EF81F0-3CE2-4598-B184-046D38BCE31E}.Debug|x86.Build.0 = Debug|Any CPU
		{55EF81F0-3CE2-4598-B184-046D38BCE31E}.Release|Any CPU.ActiveCfg = Release|Any CPU
		{55EF81F0-3CE2-4598-B184-046D38BCE31E}.Release|Any CPU.Build.0 = Release|Any CPU
		{55EF81F0-3CE2-4598-B184-046D38BCE31E}.Release|x64.ActiveCfg = Release|Any CPU
		{55EF81F0-3CE2-4598-B184-046D38BCE31E}.Release|x64.Build.0 = Release|Any CPU
		{55EF81F0-3CE2-4598-B184-046D38BCE31E}.Release|x86.ActiveCfg = Release|Any CPU
		{55EF81F0-3CE2-4598-B184-046D38BCE31E}.Release|x86.Build.0 = Release|Any CPU
		{FC4AE3F7-C0DD-4094-BF2E-76FF2CB45F57}.Debug|Any CPU.ActiveCfg = Debug|Any CPU
		{FC4AE3F7-C0DD-4094-BF2E-76FF2CB45F57}.Debug|Any CPU.Build.0 = Debug|Any CPU
		{FC4AE3F7-C0DD-4094-BF2E-76FF2CB45F57}.Debug|x64.ActiveCfg = Debug|Any CPU
		{FC4AE3F7-C0DD-4094-BF2E-76FF2CB45F57}.Debug|x64.Build.0 = Debug|Any CPU
		{FC4AE3F7-C0DD-4094-BF2E-76FF2CB45F57}.Debug|x86.ActiveCfg = Debug|Any CPU
		{FC4AE3F7-C0DD-4094-BF2E-76FF2CB45F57}.Debug|x86.Build.0 = Debug|Any CPU
		{FC4AE3F7-C0DD-4094-BF2E-76FF2CB45F57}.Release|Any CPU.ActiveCfg = Release|Any CPU
		{FC4AE3F7-C0DD-4094-BF2E-76FF2CB45F57}.Release|Any CPU.Build.0 = Release|Any CPU
		{FC4AE3F7-C0DD-4094-BF2E-76FF2CB45F57}.Release|x64.ActiveCfg = Release|Any CPU
		{FC4AE3F7-C0DD-4094-BF2E-76FF2CB45F57}.Release|x64.Build.0 = Release|Any CPU
		{FC4AE3F7-C0DD-4094-BF2E-76FF2CB45F57}.Release|x86.ActiveCfg = Release|Any CPU
		{FC4AE3F7-C0DD-4094-BF2E-76FF2CB45F57}.Release|x86.Build.0 = Release|Any CPU
		{54EDF04D-75EE-41CA-A687-F7D6719AFAE3}.Debug|Any CPU.ActiveCfg = Debug|Any CPU
		{54EDF04D-75EE-41CA-A687-F7D6719AFAE3}.Debug|Any CPU.Build.0 = Debug|Any CPU
		{54EDF04D-75EE-41CA-A687-F7D6719AFAE3}.Debug|x64.ActiveCfg = Debug|Any CPU
		{54EDF04D-75EE-41CA-A687-F7D6719AFAE3}.Debug|x64.Build.0 = Debug|Any CPU
		{54EDF04D-75EE-41CA-A687-F7D6719AFAE3}.Debug|x86.ActiveCfg = Debug|Any CPU
		{54EDF04D-75EE-41CA-A687-F7D6719AFAE3}.Debug|x86.Build.0 = Debug|Any CPU
		{54EDF04D-75EE-41CA-A687-F7D6719AFAE3}.Release|Any CPU.ActiveCfg = Release|Any CPU
		{54EDF04D-75EE-41CA-A687-F7D6719AFAE3}.Release|Any CPU.Build.0 = Release|Any CPU
		{54EDF04D-75EE-41CA-A687-F7D6719AFAE3}.Release|x64.ActiveCfg = Release|Any CPU
		{54EDF04D-75EE-41CA-A687-F7D6719AFAE3}.Release|x64.Build.0 = Release|Any CPU
		{54EDF04D-75EE-41CA-A687-F7D6719AFAE3}.Release|x86.ActiveCfg = Release|Any CPU
		{54EDF04D-75EE-41CA-A687-F7D6719AFAE3}.Release|x86.Build.0 = Release|Any CPU
		{916394CA-8090-4109-AD59-9ABF2148C91A}.Debug|Any CPU.ActiveCfg = Debug|Any CPU
		{916394CA-8090-4109-AD59-9ABF2148C91A}.Debug|Any CPU.Build.0 = Debug|Any CPU
		{916394CA-8090-4109-AD59-9ABF2148C91A}.Debug|x64.ActiveCfg = Debug|Any CPU
		{916394CA-8090-4109-AD59-9ABF2148C91A}.Debug|x64.Build.0 = Debug|Any CPU
		{916394CA-8090-4109-AD59-9ABF2148C91A}.Debug|x86.ActiveCfg = Debug|Any CPU
		{916394CA-8090-4109-AD59-9ABF2148C91A}.Debug|x86.Build.0 = Debug|Any CPU
		{916394CA-8090-4109-AD59-9ABF2148C91A}.Release|Any CPU.ActiveCfg = Release|Any CPU
		{916394CA-8090-4109-AD59-9ABF2148C91A}.Release|Any CPU.Build.0 = Release|Any CPU
		{916394CA-8090-4109-AD59-9ABF2148C91A}.Release|x64.ActiveCfg = Release|Any CPU
		{916394CA-8090-4109-AD59-9ABF2148C91A}.Release|x64.Build.0 = Release|Any CPU
		{916394CA-8090-4109-AD59-9ABF2148C91A}.Release|x86.ActiveCfg = Release|Any CPU
		{916394CA-8090-4109-AD59-9ABF2148C91A}.Release|x86.Build.0 = Release|Any CPU
		{0FA56D26-8415-44A2-B94C-BC4DC8FE8598}.Debug|Any CPU.ActiveCfg = Debug|Any CPU
		{0FA56D26-8415-44A2-B94C-BC4DC8FE8598}.Debug|Any CPU.Build.0 = Debug|Any CPU
		{0FA56D26-8415-44A2-B94C-BC4DC8FE8598}.Debug|x64.ActiveCfg = Debug|Any CPU
		{0FA56D26-8415-44A2-B94C-BC4DC8FE8598}.Debug|x64.Build.0 = Debug|Any CPU
		{0FA56D26-8415-44A2-B94C-BC4DC8FE8598}.Debug|x86.ActiveCfg = Debug|Any CPU
		{0FA56D26-8415-44A2-B94C-BC4DC8FE8598}.Debug|x86.Build.0 = Debug|Any CPU
		{0FA56D26-8415-44A2-B94C-BC4DC8FE8598}.Release|Any CPU.ActiveCfg = Release|Any CPU
		{0FA56D26-8415-44A2-B94C-BC4DC8FE8598}.Release|Any CPU.Build.0 = Release|Any CPU
		{0FA56D26-8415-44A2-B94C-BC4DC8FE8598}.Release|x64.ActiveCfg = Release|Any CPU
		{0FA56D26-8415-44A2-B94C-BC4DC8FE8598}.Release|x64.Build.0 = Release|Any CPU
		{0FA56D26-8415-44A2-B94C-BC4DC8FE8598}.Release|x86.ActiveCfg = Release|Any CPU
		{0FA56D26-8415-44A2-B94C-BC4DC8FE8598}.Release|x86.Build.0 = Release|Any CPU
		{4F6CEA17-A42D-412A-8D99-04BCFB837205}.Debug|Any CPU.ActiveCfg = Debug|Any CPU
		{4F6CEA17-A42D-412A-8D99-04BCFB837205}.Debug|Any CPU.Build.0 = Debug|Any CPU
		{4F6CEA17-A42D-412A-8D99-04BCFB837205}.Debug|x64.ActiveCfg = Debug|Any CPU
		{4F6CEA17-A42D-412A-8D99-04BCFB837205}.Debug|x64.Build.0 = Debug|Any CPU
		{4F6CEA17-A42D-412A-8D99-04BCFB837205}.Debug|x86.ActiveCfg = Debug|Any CPU
		{4F6CEA17-A42D-412A-8D99-04BCFB837205}.Debug|x86.Build.0 = Debug|Any CPU
		{4F6CEA17-A42D-412A-8D99-04BCFB837205}.Release|Any CPU.ActiveCfg = Release|Any CPU
		{4F6CEA17-A42D-412A-8D99-04BCFB837205}.Release|Any CPU.Build.0 = Release|Any CPU
		{4F6CEA17-A42D-412A-8D99-04BCFB837205}.Release|x64.ActiveCfg = Release|Any CPU
		{4F6CEA17-A42D-412A-8D99-04BCFB837205}.Release|x64.Build.0 = Release|Any CPU
		{4F6CEA17-A42D-412A-8D99-04BCFB837205}.Release|x86.ActiveCfg = Release|Any CPU
		{4F6CEA17-A42D-412A-8D99-04BCFB837205}.Release|x86.Build.0 = Release|Any CPU
		{42C46F93-BD98-4E48-8D7C-D9F887F06253}.Debug|Any CPU.ActiveCfg = Debug|Any CPU
		{42C46F93-BD98-4E48-8D7C-D9F887F06253}.Debug|Any CPU.Build.0 = Debug|Any CPU
		{42C46F93-BD98-4E48-8D7C-D9F887F06253}.Debug|x64.ActiveCfg = Debug|Any CPU
		{42C46F93-BD98-4E48-8D7C-D9F887F06253}.Debug|x64.Build.0 = Debug|Any CPU
		{42C46F93-BD98-4E48-8D7C-D9F887F06253}.Debug|x86.ActiveCfg = Debug|Any CPU
		{42C46F93-BD98-4E48-8D7C-D9F887F06253}.Debug|x86.Build.0 = Debug|Any CPU
		{42C46F93-BD98-4E48-8D7C-D9F887F06253}.Release|Any CPU.ActiveCfg = Release|Any CPU
		{42C46F93-BD98-4E48-8D7C-D9F887F06253}.Release|Any CPU.Build.0 = Release|Any CPU
		{42C46F93-BD98-4E48-8D7C-D9F887F06253}.Release|x64.ActiveCfg = Release|Any CPU
		{42C46F93-BD98-4E48-8D7C-D9F887F06253}.Release|x64.Build.0 = Release|Any CPU
		{42C46F93-BD98-4E48-8D7C-D9F887F06253}.Release|x86.ActiveCfg = Release|Any CPU
		{42C46F93-BD98-4E48-8D7C-D9F887F06253}.Release|x86.Build.0 = Release|Any CPU
	EndGlobalSection
	GlobalSection(SolutionProperties) = preSolution
		HideSolutionNode = FALSE
	EndGlobalSection
	GlobalSection(NestedProjects) = preSolution
		{D0C50002-A8A8-4A1A-B0C0-DC50000DC502} = {D0C50001-A8A8-4A1A-B0C0-DC50000DC501}
		{D0C50003-A8A8-4A1A-B0C0-DC50000DC503} = {D0C50001-A8A8-4A1A-B0C0-DC50000DC501}
		{D0C50004-A8A8-4A1A-B0C0-DC50000DC504} = {D0C50001-A8A8-4A1A-B0C0-DC50000DC501}
		{D0C50005-A8A8-4A1A-B0C0-DC50000DC505} = {D0C50001-A8A8-4A1A-B0C0-DC50000DC501}
		{D0C50006-A8A8-4A1A-B0C0-DC50000DC506} = {D0C50001-A8A8-4A1A-B0C0-DC50000DC501}
		{D0C50007-A8A8-4A1A-B0C0-DC50000DC507} = {D0C50001-A8A8-4A1A-B0C0-DC50000DC501}
		{B15E9781-1D72-4183-BF3B-F11DDFC58439} = {0AB3BF05-4346-4AA6-1389-037BE0695223}
		{F7D2A9C4-3B5E-4D8A-9C61-2F8B7E4A1D62} = {0AB3BF05-4346-4AA6-1389-037BE0695223}
		{E8F9ECD2-9BE9-4169-B5E9-BCFFA064E8B9} = {0AB3BF05-4346-4AA6-1389-037BE0695223}
		{55EF81F0-3CE2-4598-B184-046D38BCE31E} = {0AB3BF05-4346-4AA6-1389-037BE0695223}
		{916394CA-8090-4109-AD59-9ABF2148C91A} = {0AB3BF05-4346-4AA6-1389-037BE0695223}
	EndGlobalSection
	GlobalSection(ExtensibilityGlobals) = postSolution
		SolutionGuid = {4ECC7BFB-D298-4371-91E0-EADF5D2AB657}
	EndGlobalSection
EndGlobal
